
Microsoft Visual Studio Solution File, Format Version 12.00
# Visual Studio Version 17
VisualStudioVersion = 17.5.33516.290
MinimumVisualStudioVersion = 10.0.40219.1
Project("{FAE04EC0-301F-11D3-BF4B-00C04F79EFBC}") = "PackingList", "PackingList\PackingList.csproj", "{46601E91-5010-4133-A29A-AB922A4CFA4B}"
EndProject
Global
	GlobalSection(SolutionConfigurationPlatforms) = preSolution
		Debug|Any CPU = Debug|Any CPU
		Release|Any CPU = Release|Any CPU
	EndGlobalSection
	GlobalSection(ProjectConfigurationPlatforms) = postSolution
		{46601E91-5010-4133-A29A-AB922A4CFA4B}.Debug|Any CPU.ActiveCfg = Debug|Any CPU
		{46601E91-5010-4133-A29A-AB922A4CFA4B}.Debug|Any CPU.Build.0 = Debug|Any CPU
		{46601E91-5010-4133-A29A-AB922A4CFA4B}.Release|Any CPU.ActiveCfg = Release|Any CPU
		{46601E91-5010-4133-A29A-AB922A4CFA4B}.Release|Any CPU.Build.0 = Release|Any CPU
	EndGlobalSection
	GlobalSection(SolutionProperties) = preSolution
		HideSolutionNode = FALSE
	EndGlobalSection
	GlobalSection(ExtensibilityGlobals) = postSolution
		SolutionGuid = {582A2559-8D61-4BD4-93D7-D7FBEA9593FC}
	EndGlobalSection
EndGlobal
